// !$*UTF8*$!
{
	archiveVersion = 1;
	classes = {
	};
	objectVersion = 46;
	objects = {

/* Begin PBXBuildFile section */
		634210391E0348F100B99727 /* AppDelegate.swift in Sources */ = {isa = PBXBuildFile; fileRef = 634210381E0348F100B99727 /* AppDelegate.swift */; };
		6342103B1E0348F100B99727 /* ViewController.swift in Sources */ = {isa = PBXBuildFile; fileRef = 6342103A1E0348F100B99727 /* ViewController.swift */; };
		634210401E0348F100B99727 /* Assets.xcassets in Resources */ = {isa = PBXBuildFile; fileRef = 6342103F1E0348F100B99727 /* Assets.xcassets */; };
		634210431E0348F100B99727 /* LaunchScreen.storyboard in Resources */ = {isa = PBXBuildFile; fileRef = 634210411E0348F100B99727 /* LaunchScreen.storyboard */; };
		6342104E1E0348F100B99727 /* SmashtagTests.swift in Sources */ = {isa = PBXBuildFile; fileRef = 6342104D1E0348F100B99727 /* SmashtagTests.swift */; };
		634210591E0348F100B99727 /* SmashtagUITests.swift in Sources */ = {isa = PBXBuildFile; fileRef = 634210581E0348F100B99727 /* SmashtagUITests.swift */; };
		6342106B1E03497700B99727 /* MediaItem.swift in Sources */ = {isa = PBXBuildFile; fileRef = 634210671E03497700B99727 /* MediaItem.swift */; };
		6342106C1E03497700B99727 /* Tweet.swift in Sources */ = {isa = PBXBuildFile; fileRef = 634210681E03497700B99727 /* Tweet.swift */; };
		6342106D1E03497700B99727 /* TwitterRequest.swift in Sources */ = {isa = PBXBuildFile; fileRef = 634210691E03497700B99727 /* TwitterRequest.swift */; };
		6342106E1E03497700B99727 /* User.swift in Sources */ = {isa = PBXBuildFile; fileRef = 6342106A1E03497700B99727 /* User.swift */; };
		634210701E03498F00B99727 /* TweetTableViewController.swift in Sources */ = {isa = PBXBuildFile; fileRef = 6342106F1E03498F00B99727 /* TweetTableViewController.swift */; };
		6358B54A1E0B46750051F47A /* TweetTableViewCell.swift in Sources */ = {isa = PBXBuildFile; fileRef = 6358B5491E0B46750051F47A /* TweetTableViewCell.swift */; };
		6358B54E1E0B66160051F47A /* MentionsTableViewController.swift in Sources */ = {isa = PBXBuildFile; fileRef = 6358B54D1E0B66160051F47A /* MentionsTableViewController.swift */; };
		6358B5501E0B6BCE0051F47A /* ImageTableViewCell.swift in Sources */ = {isa = PBXBuildFile; fileRef = 6358B54F1E0B6BCE0051F47A /* ImageTableViewCell.swift */; };
		6358B5531E0B70F70051F47A /* Main.storyboard in Resources */ = {isa = PBXBuildFile; fileRef = 6358B5511E0B70F70051F47A /* Main.storyboard */; };
		6358B5551E0BA5E20051F47A /* ImageViewController.swift in Sources */ = {isa = PBXBuildFile; fileRef = 6358B5541E0BA5E20051F47A /* ImageViewController.swift */; };
/* End PBXBuildFile section */

/* Begin PBXContainerItemProxy section */
		6342104A1E0348F100B99727 /* PBXContainerItemProxy */ = {
			isa = PBXContainerItemProxy;
			containerPortal = 6342102D1E0348F100B99727 /* Project object */;
			proxyType = 1;
			remoteGlobalIDString = 634210341E0348F100B99727;
			remoteInfo = Smashtag;
		};
		634210551E0348F100B99727 /* PBXContainerItemProxy */ = {
			isa = PBXContainerItemProxy;
			containerPortal = 6342102D1E0348F100B99727 /* Project object */;
			proxyType = 1;
			remoteGlobalIDString = 634210341E0348F100B99727;
			remoteInfo = Smashtag;
		};
/* End PBXContainerItemProxy section */

/* Begin PBXFileReference section */
		634210351E0348F100B99727 /* Smashtag.app */ = {isa = PBXFileReference; explicitFileType = wrapper.application; includeInIndex = 0; path = Smashtag.app; sourceTree = BUILT_PRODUCTS_DIR; };
		634210381E0348F100B99727 /* AppDelegate.swift */ = {isa = PBXFileReference; lastKnownFileType = sourcecode.swift; path = AppDelegate.swift; sourceTree = "<group>"; };
		6342103A1E0348F100B99727 /* ViewController.swift */ = {isa = PBXFileReference; lastKnownFileType = sourcecode.swift; path = ViewController.swift; sourceTree = "<group>"; };
		6342103F1E0348F100B99727 /* Assets.xcassets */ = {isa = PBXFileReference; lastKnownFileType = folder.assetcatalog; path = Assets.xcassets; sourceTree = "<group>"; };
		634210421E0348F100B99727 /* Base */ = {isa = PBXFileReference; lastKnownFileType = file.storyboard; name = Base; path = Base.lproj/LaunchScreen.storyboard; sourceTree = "<group>"; };
		634210441E0348F100B99727 /* Info.plist */ = {isa = PBXFileReference; lastKnownFileType = text.plist.xml; path = Info.plist; sourceTree = "<group>"; };
		634210491E0348F100B99727 /* SmashtagTests.xctest */ = {isa = PBXFileReference; explicitFileType = wrapper.cfbundle; includeInIndex = 0; path = SmashtagTests.xctest; sourceTree = BUILT_PRODUCTS_DIR; };
		6342104D1E0348F100B99727 /* SmashtagTests.swift */ = {isa = PBXFileReference; lastKnownFileType = sourcecode.swift; path = SmashtagTests.swift; sourceTree = "<group>"; };
		6342104F1E0348F100B99727 /* Info.plist */ = {isa = PBXFileReference; lastKnownFileType = text.plist.xml; path = Info.plist; sourceTree = "<group>"; };
		634210541E0348F100B99727 /* SmashtagUITests.xctest */ = {isa = PBXFileReference; explicitFileType = wrapper.cfbundle; includeInIndex = 0; path = SmashtagUITests.xctest; sourceTree = BUILT_PRODUCTS_DIR; };
		634210581E0348F100B99727 /* SmashtagUITests.swift */ = {isa = PBXFileReference; lastKnownFileType = sourcecode.swift; path = SmashtagUITests.swift; sourceTree = "<group>"; };
		6342105A1E0348F100B99727 /* Info.plist */ = {isa = PBXFileReference; lastKnownFileType = text.plist.xml; path = Info.plist; sourceTree = "<group>"; };
		634210671E03497700B99727 /* MediaItem.swift */ = {isa = PBXFileReference; fileEncoding = 4; lastKnownFileType = sourcecode.swift; path = MediaItem.swift; sourceTree = "<group>"; };
		634210681E03497700B99727 /* Tweet.swift */ = {isa = PBXFileReference; fileEncoding = 4; lastKnownFileType = sourcecode.swift; path = Tweet.swift; sourceTree = "<group>"; };
		634210691E03497700B99727 /* TwitterRequest.swift */ = {isa = PBXFileReference; fileEncoding = 4; lastKnownFileType = sourcecode.swift; path = TwitterRequest.swift; sourceTree = "<group>"; };
		6342106A1E03497700B99727 /* User.swift */ = {isa = PBXFileReference; fileEncoding = 4; lastKnownFileType = sourcecode.swift; path = User.swift; sourceTree = "<group>"; };
		6342106F1E03498F00B99727 /* TweetTableViewController.swift */ = {isa = PBXFileReference; fileEncoding = 4; lastKnownFileType = sourcecode.swift; path = TweetTableViewController.swift; sourceTree = "<group>"; };
		6358B5491E0B46750051F47A /* TweetTableViewCell.swift */ = {isa = PBXFileReference; fileEncoding = 4; lastKnownFileType = sourcecode.swift; path = TweetTableViewCell.swift; sourceTree = "<group>"; };
		6358B54D1E0B66160051F47A /* MentionsTableViewController.swift */ = {isa = PBXFileReference; fileEncoding = 4; lastKnownFileType = sourcecode.swift; path = MentionsTableViewController.swift; sourceTree = "<group>"; };
		6358B54F1E0B6BCE0051F47A /* ImageTableViewCell.swift */ = {isa = PBXFileReference; fileEncoding = 4; lastKnownFileType = sourcecode.swift; path = ImageTableViewCell.swift; sourceTree = "<group>"; };
		6358B5521E0B70F70051F47A /* Base */ = {isa = PBXFileReference; lastKnownFileType = file.storyboard; name = Base; path = Smashtag/Base.lproj/Main.storyboard; sourceTree = "<group>"; };
		6358B5541E0BA5E20051F47A /* ImageViewController.swift */ = {isa = PBXFileReference; fileEncoding = 4; lastKnownFileType = sourcecode.swift; path = ImageViewController.swift; sourceTree = "<group>"; };
/* End PBXFileReference section */

/* Begin PBXFrameworksBuildPhase section */
		634210321E0348F100B99727 /* Frameworks */ = {
			isa = PBXFrameworksBuildPhase;
			buildActionMask = 2147483647;
			files = (
			);
			runOnlyForDeploymentPostprocessing = 0;
		};
		634210461E0348F100B99727 /* Frameworks */ = {
			isa = PBXFrameworksBuildPhase;
			buildActionMask = 2147483647;
			files = (
			);
			runOnlyForDeploymentPostprocessing = 0;
		};
		634210511E0348F100B99727 /* Frameworks */ = {
			isa = PBXFrameworksBuildPhase;
			buildActionMask = 2147483647;
			files = (
			);
			runOnlyForDeploymentPostprocessing = 0;
		};
/* End PBXFrameworksBuildPhase section */

/* Begin PBXGroup section */
		630335AE1E0B1658001A3DEA /* Supporting Files */ = {
			isa = PBXGroup;
			children = (
				6342103F1E0348F100B99727 /* Assets.xcassets */,
				6342103A1E0348F100B99727 /* ViewController.swift */,
				634210381E0348F100B99727 /* AppDelegate.swift */,
			);
			name = "Supporting Files";
			sourceTree = "<group>";
		};
		6342102C1E0348F100B99727 = {
			isa = PBXGroup;
			children = (
				634210371E0348F100B99727 /* Smashtag */,
				6342104C1E0348F100B99727 /* SmashtagTests */,
				634210571E0348F100B99727 /* SmashtagUITests */,
				634210361E0348F100B99727 /* Products */,
			);
			sourceTree = "<group>";
		};
		634210361E0348F100B99727 /* Products */ = {
			isa = PBXGroup;
			children = (
				634210351E0348F100B99727 /* Smashtag.app */,
				634210491E0348F100B99727 /* SmashtagTests.xctest */,
				634210541E0348F100B99727 /* SmashtagUITests.xctest */,
			);
			name = Products;
			sourceTree = "<group>";
		};
		634210371E0348F100B99727 /* Smashtag */ = {
			isa = PBXGroup;
			children = (
				630335AE1E0B1658001A3DEA /* Supporting Files */,
				634210661E03497700B99727 /* Twitter */,
				634210411E0348F100B99727 /* LaunchScreen.storyboard */,
				6358B5511E0B70F70051F47A /* Main.storyboard */,
				634210441E0348F100B99727 /* Info.plist */,
				6342106F1E03498F00B99727 /* TweetTableViewController.swift */,
				6358B5491E0B46750051F47A /* TweetTableViewCell.swift */,
				6358B54D1E0B66160051F47A /* MentionsTableViewController.swift */,
				6358B54F1E0B6BCE0051F47A /* ImageTableViewCell.swift */,
				6358B5541E0BA5E20051F47A /* ImageViewController.swift */,
			);
			path = Smashtag;
			sourceTree = "<group>";
		};
		6342104C1E0348F100B99727 /* SmashtagTests */ = {
			isa = PBXGroup;
			children = (
				6342104D1E0348F100B99727 /* SmashtagTests.swift */,
				6342104F1E0348F100B99727 /* Info.plist */,
			);
			path = SmashtagTests;
			sourceTree = "<group>";
		};
		634210571E0348F100B99727 /* SmashtagUITests */ = {
			isa = PBXGroup;
			children = (
				634210581E0348F100B99727 /* SmashtagUITests.swift */,
				6342105A1E0348F100B99727 /* Info.plist */,
			);
			path = SmashtagUITests;
			sourceTree = "<group>";
		};
		634210661E03497700B99727 /* Twitter */ = {
			isa = PBXGroup;
			children = (
				634210671E03497700B99727 /* MediaItem.swift */,
				634210681E03497700B99727 /* Tweet.swift */,
				634210691E03497700B99727 /* TwitterRequest.swift */,
				6342106A1E03497700B99727 /* User.swift */,
			);
			path = Twitter;
			sourceTree = "<group>";
		};
/* End PBXGroup section */

/* Begin PBXNativeTarget section */
		634210341E0348F100B99727 /* Smashtag */ = {
			isa = PBXNativeTarget;
			buildConfigurationList = 6342105D1E0348F100B99727 /* Build configuration list for PBXNativeTarget "Smashtag" */;
			buildPhases = (
				634210311E0348F100B99727 /* Sources */,
				634210321E0348F100B99727 /* Frameworks */,
				634210331E0348F100B99727 /* Resources */,
			);
			buildRules = (
			);
			dependencies = (
			);
			name = Smashtag;
			productName = Smashtag;
			productReference = 634210351E0348F100B99727 /* Smashtag.app */;
			productType = "com.apple.product-type.application";
		};
		634210481E0348F100B99727 /* SmashtagTests */ = {
			isa = PBXNativeTarget;
			buildConfigurationList = 634210601E0348F100B99727 /* Build configuration list for PBXNativeTarget "SmashtagTests" */;
			buildPhases = (
				634210451E0348F100B99727 /* Sources */,
				634210461E0348F100B99727 /* Frameworks */,
				634210471E0348F100B99727 /* Resources */,
			);
			buildRules = (
			);
			dependencies = (
				6342104B1E0348F100B99727 /* PBXTargetDependency */,
			);
			name = SmashtagTests;
			productName = SmashtagTests;
			productReference = 634210491E0348F100B99727 /* SmashtagTests.xctest */;
			productType = "com.apple.product-type.bundle.unit-test";
		};
		634210531E0348F100B99727 /* SmashtagUITests */ = {
			isa = PBXNativeTarget;
			buildConfigurationList = 634210631E0348F100B99727 /* Build configuration list for PBXNativeTarget "SmashtagUITests" */;
			buildPhases = (
				634210501E0348F100B99727 /* Sources */,
				634210511E0348F100B99727 /* Frameworks */,
				634210521E0348F100B99727 /* Resources */,
			);
			buildRules = (
			);
			dependencies = (
				634210561E0348F100B99727 /* PBXTargetDependency */,
			);
			name = SmashtagUITests;
			productName = SmashtagUITests;
			productReference = 634210541E0348F100B99727 /* SmashtagUITests.xctest */;
			productType = "com.apple.product-type.bundle.ui-testing";
		};
/* End PBXNativeTarget section */

/* Begin PBXProject section */
		6342102D1E0348F100B99727 /* Project object */ = {
			isa = PBXProject;
			attributes = {
				LastSwiftUpdateCheck = 0730;
				LastUpgradeCheck = 0730;
				ORGANIZATIONNAME = "Laura Chavez";
				TargetAttributes = {
					634210341E0348F100B99727 = {
						CreatedOnToolsVersion = 7.3.1;
					};
					634210481E0348F100B99727 = {
						CreatedOnToolsVersion = 7.3.1;
						TestTargetID = 634210341E0348F100B99727;
					};
					634210531E0348F100B99727 = {
						CreatedOnToolsVersion = 7.3.1;
						TestTargetID = 634210341E0348F100B99727;
					};
				};
			};
			buildConfigurationList = 634210301E0348F100B99727 /* Build configuration list for PBXProject "Smashtag" */;
			compatibilityVersion = "Xcode 3.2";
			developmentRegion = English;
			hasScannedForEncodings = 0;
			knownRegions = (
				en,
				Base,
			);
			mainGroup = 6342102C1E0348F100B99727;
			productRefGroup = 634210361E0348F100B99727 /* Products */;
			projectDirPath = "";
			projectRoot = "";
			targets = (
				634210341E0348F100B99727 /* Smashtag */,
				634210481E0348F100B99727 /* SmashtagTests */,
				634210531E0348F100B99727 /* SmashtagUITests */,
			);
		};
/* End PBXProject section */

/* Begin PBXResourcesBuildPhase section */
		634210331E0348F100B99727 /* Resources */ = {
			isa = PBXResourcesBuildPhase;
			buildActionMask = 2147483647;
			files = (
				6358B5531E0B70F70051F47A /* Main.storyboard in Resources */,
				634210431E0348F100B99727 /* LaunchScreen.storyboard in Resources */,
				634210401E0348F100B99727 /* Assets.xcassets in Resources */,
			);
			runOnlyForDeploymentPostprocessing = 0;
		};
		634210471E0348F100B99727 /* Resources */ = {
			isa = PBXResourcesBuildPhase;
			buildActionMask = 2147483647;
			files = (
			);
			runOnlyForDeploymentPostprocessing = 0;
		};
		634210521E0348F100B99727 /* Resources */ = {
			isa = PBXResourcesBuildPhase;
			buildActionMask = 2147483647;
			files = (
			);
			runOnlyForDeploymentPostprocessing = 0;
		};
/* End PBXResourcesBuildPhase section */

/* Begin PBXSourcesBuildPhase section */
		634210311E0348F100B99727 /* Sources */ = {
			isa = PBXSourcesBuildPhase;
			buildActionMask = 2147483647;
			files = (
				634210701E03498F00B99727 /* TweetTableViewController.swift in Sources */,
				6358B5501E0B6BCE0051F47A /* ImageTableViewCell.swift in Sources */,
				6342103B1E0348F100B99727 /* ViewController.swift in Sources */,
				6342106D1E03497700B99727 /* TwitterRequest.swift in Sources */,
				6342106E1E03497700B99727 /* User.swift in Sources */,
				634210391E0348F100B99727 /* AppDelegate.swift in Sources */,
				6358B54E1E0B66160051F47A /* MentionsTableViewController.swift in Sources */,
				6342106B1E03497700B99727 /* MediaItem.swift in Sources */,
				6342106C1E03497700B99727 /* Tweet.swift in Sources */,
				6358B5551E0BA5E20051F47A /* ImageViewController.swift in Sources */,
				6358B54A1E0B46750051F47A /* TweetTableViewCell.swift in Sources */,
			);
			runOnlyForDeploymentPostprocessing = 0;
		};
		634210451E0348F100B99727 /* Sources */ = {
			isa = PBXSourcesBuildPhase;
			buildActionMask = 2147483647;
			files = (
				6342104E1E0348F100B99727 /* SmashtagTests.swift in Sources */,
			);
			runOnlyForDeploymentPostprocessing = 0;
		};
		634210501E0348F100B99727 /* Sources */ = {
			isa = PBXSourcesBuildPhase;
			buildActionMask = 2147483647;
			files = (
				634210591E0348F100B99727 /* SmashtagUITests.swift in Sources */,
			);
			runOnlyForDeploymentPostprocessing = 0;
		};
/* End PBXSourcesBuildPhase section */

/* Begin PBXTargetDependency section */
		6342104B1E0348F100B99727 /* PBXTargetDependency */ = {
			isa = PBXTargetDependency;
			target = 634210341E0348F100B99727 /* Smashtag */;
			targetProxy = 6342104A1E0348F100B99727 /* PBXContainerItemProxy */;
		};
		634210561E0348F100B99727 /* PBXTargetDependency */ = {
			isa = PBXTargetDependency;
			target = 634210341E0348F100B99727 /* Smashtag */;
			targetProxy = 634210551E0348F100B99727 /* PBXContainerItemProxy */;
		};
/* End PBXTargetDependency section */

/* Begin PBXVariantGroup section */
		634210411E0348F100B99727 /* LaunchScreen.storyboard */ = {
			isa = PBXVariantGroup;
			children = (
				634210421E0348F100B99727 /* Base */,
			);
			name = LaunchScreen.storyboard;
			sourceTree = "<group>";
		};
		6358B5511E0B70F70051F47A /* Main.storyboard */ = {
			isa = PBXVariantGroup;
			children = (
				6358B5521E0B70F70051F47A /* Base */,
			);
			name = Main.storyboard;
			path = ..;
			sourceTree = "<group>";
		};
/* End PBXVariantGroup section */

/* Begin XCBuildConfiguration section */
		6342105B1E0348F100B99727 /* Debug */ = {
			isa = XCBuildConfiguration;
			buildSettings = {
				ALWAYS_SEARCH_USER_PATHS = NO;
				CLANG_ANALYZER_NONNULL = YES;
				CLANG_CXX_LANGUAGE_STANDARD = "gnu++0x";
				CLANG_CXX_LIBRARY = "libc++";
				CLANG_ENABLE_MODULES = YES;
				CLANG_ENABLE_OBJC_ARC = YES;
				CLANG_WARN_BOOL_CONVERSION = YES;
				CLANG_WARN_CONSTANT_CONVERSION = YES;
				CLANG_WARN_DIRECT_OBJC_ISA_USAGE = YES_ERROR;
				CLANG_WARN_EMPTY_BODY = YES;
				CLANG_WARN_ENUM_CONVERSION = YES;
				CLANG_WARN_INT_CONVERSION = YES;
				CLANG_WARN_OBJC_ROOT_CLASS = YES_ERROR;
				CLANG_WARN_UNREACHABLE_CODE = YES;
				CLANG_WARN__DUPLICATE_METHOD_MATCH = YES;
				"CODE_SIGN_IDENTITY[sdk=iphoneos*]" = "iPhone Developer";
				COPY_PHASE_STRIP = NO;
				DEBUG_INFORMATION_FORMAT = dwarf;
				ENABLE_STRICT_OBJC_MSGSEND = YES;
				ENABLE_TESTABILITY = YES;
				GCC_C_LANGUAGE_STANDARD = gnu99;
				GCC_DYNAMIC_NO_PIC = NO;
				GCC_NO_COMMON_BLOCKS = YES;
				GCC_OPTIMIZATION_LEVEL = 0;
				GCC_PREPROCESSOR_DEFINITIONS = (
					"DEBUG=1",
					"$(inherited)",
				);
				GCC_WARN_64_TO_32_BIT_CONVERSION = YES;
				GCC_WARN_ABOUT_RETURN_TYPE = YES_ERROR;
				GCC_WARN_UNDECLARED_SELECTOR = YES;
				GCC_WARN_UNINITIALIZED_AUTOS = YES_AGGRESSIVE;
				GCC_WARN_UNUSED_FUNCTION = YES;
				GCC_WARN_UNUSED_VARIABLE = YES;
				IPHONEOS_DEPLOYMENT_TARGET = 9.3;
				MTL_ENABLE_DEBUG_INFO = YES;
				ONLY_ACTIVE_ARCH = YES;
				SDKROOT = iphoneos;
				SWIFT_OPTIMIZATION_LEVEL = "-Onone";
				TARGETED_DEVICE_FAMILY = "1,2";
			};
			name = Debug;
		};
		6342105C1E0348F100B99727 /* Release */ = {
			isa = XCBuildConfiguration;
			buildSettings = {
				ALWAYS_SEARCH_USER_PATHS = NO;
				CLANG_ANALYZER_NONNULL = YES;
				CLANG_CXX_LANGUAGE_STANDARD = "gnu++0x";
				CLANG_CXX_LIBRARY = "libc++";
				CLANG_ENABLE_MODULES = YES;
				CLANG_ENABLE_OBJC_ARC = YES;
				CLANG_WARN_BOOL_CONVERSION = YES;
				CLANG_WARN_CONSTANT_CONVERSION = YES;
				CLANG_WARN_DIRECT_OBJC_ISA_USAGE = YES_ERROR;
				CLANG_WARN_EMPTY_BODY = YES;
				CLANG_WARN_ENUM_CONVERSION = YES;
				CLANG_WARN_INT_CONVERSION = YES;
				CLANG_WARN_OBJC_ROOT_CLASS = YES_ERROR;
				CLANG_WARN_UNREACHABLE_CODE = YES;
				CLANG_WARN__DUPLICATE_METHOD_MATCH = YES;
				"CODE_SIGN_IDENTITY[sdk=iphoneos*]" = "iPhone Developer";
				COPY_PHASE_STRIP = NO;
				DEBUG_INFORMATION_FORMAT = "dwarf-with-dsym";
				ENABLE_NS_ASSERTIONS = NO;
				ENABLE_STRICT_OBJC_MSGSEND = YES;
				GCC_C_LANGUAGE_STANDARD = gnu99;
				GCC_NO_COMMON_BLOCKS = YES;
				GCC_WARN_64_TO_32_BIT_CONVERSION = YES;
				GCC_WARN_ABOUT_RETURN_TYPE = YES_ERROR;
				GCC_WARN_UNDECLARED_SELECTOR = YES;
				GCC_WARN_UNINITIALIZED_AUTOS = YES_AGGRESSIVE;
				GCC_WARN_UNUSED_FUNCTION = YES;
				GCC_WARN_UNUSED_VARIABLE = YES;
				IPHONEOS_DEPLOYMENT_TARGET = 9.3;
				MTL_ENABLE_DEBUG_INFO = NO;
				SDKROOT = iphoneos;
				TARGETED_DEVICE_FAMILY = "1,2";
				VALIDATE_PRODUCT = YES;
			};
			name = Release;
		};
		6342105E1E0348F100B99727 /* Debug */ = {
			isa = XCBuildConfiguration;
			buildSettings = {
				ASSETCATALOG_COMPILER_APPICON_NAME = AppIcon;
				INFOPLIST_FILE = Smashtag/Info.plist;
				LD_RUNPATH_SEARCH_PATHS = "$(inherited) @executable_path/Frameworks";
				PRODUCT_BUNDLE_IDENTIFIER = edu.csumb.cst495.chav7589.Smashtag;
				PRODUCT_NAME = "$(TARGET_NAME)";
			};
			name = Debug;
		};
		6342105F1E0348F100B99727 /* Release */ = {
			isa = XCBuildConfiguration;
			buildSettings = {
				ASSETCATALOG_COMPILER_APPICON_NAME = AppIcon;
				INFOPLIST_FILE = Smashtag/Info.plist;
				LD_RUNPATH_SEARCH_PATHS = "$(inherited) @executable_path/Frameworks";
				PRODUCT_BUNDLE_IDENTIFIER = edu.csumb.cst495.chav7589.Smashtag;
				PRODUCT_NAME = "$(TARGET_NAME)";
			};
			name = Release;
		};
		634210611E0348F100B99727 /* Debug */ = {
			isa = XCBuildConfiguration;
			buildSettings = {
				BUNDLE_LOADER = "$(TEST_HOST)";
				INFOPLIST_FILE = SmashtagTests/Info.plist;
				LD_RUNPATH_SEARCH_PATHS = "$(inherited) @executable_path/Frameworks @loader_path/Frameworks";
				PRODUCT_BUNDLE_IDENTIFIER = edu.csumb.cst495.chav7589.SmashtagTests;
				PRODUCT_NAME = "$(TARGET_NAME)";
				TEST_HOST = "$(BUILT_PRODUCTS_DIR)/Smashtag.app/Smashtag";
			};
			name = Debug;
		};
		634210621E0348F100B99727 /* Release */ = {
			isa = XCBuildConfiguration;
			buildSettings = {
				BUNDLE_LOADER = "$(TEST_HOST)";
				INFOPLIST_FILE = SmashtagTests/Info.plist;
				LD_RUNPATH_SEARCH_PATHS = "$(inherited) @executable_path/Frameworks @loader_path/Frameworks";
				PRODUCT_BUNDLE_IDENTIFIER = edu.csumb.cst495.chav7589.SmashtagTests;
				PRODUCT_NAME = "$(TARGET_NAME)";
				TEST_HOST = "$(BUILT_PRODUCTS_DIR)/Smashtag.app/Smashtag";
			};
			name = Release;
		};
		634210641E0348F100B99727 /* Debug */ = {
			isa = XCBuildConfiguration;
			buildSettings = {
				INFOPLIST_FILE = SmashtagUITests/Info.plist;
				LD_RUNPATH_SEARCH_PATHS = "$(inherited) @executable_path/Frameworks @loader_path/Frameworks";
				PRODUCT_BUNDLE_IDENTIFIER = edu.csumb.cst495.chav7589.SmashtagUITests;
				PRODUCT_NAME = "$(TARGET_NAME)";
				TEST_TARGET_NAME = Smashtag;
			};
			name = Debug;
		};
		634210651E0348F100B99727 /* Release */ = {
			isa = XCBuildConfiguration;
			buildSettings = {
				INFOPLIST_FILE = SmashtagUITests/Info.plist;
				LD_RUNPATH_SEARCH_PATHS = "$(inherited) @executable_path/Frameworks @loader_path/Frameworks";
				PRODUCT_BUNDLE_IDENTIFIER = edu.csumb.cst495.chav7589.SmashtagUITests;
				PRODUCT_NAME = "$(TARGET_NAME)";
				TEST_TARGET_NAME = Smashtag;
			};
			name = Release;
		};
/* End XCBuildConfiguration section */

/* Begin XCConfigurationList section */
		634210301E0348F100B99727 /* Build configuration list for PBXProject "Smashtag" */ = {
			isa = XCConfigurationList;
			buildConfigurations = (
				6342105B1E0348F100B99727 /* Debug */,
				6342105C1E0348F100B99727 /* Release */,
			);
			defaultConfigurationIsVisible = 0;
			defaultConfigurationName = Release;
		};
		6342105D1E0348F100B99727 /* Build configuration list for PBXNativeTarget "Smashtag" */ = {
			isa = XCConfigurationList;
			buildConfigurations = (
				6342105E1E0348F100B99727 /* Debug */,
				6342105F1E0348F100B99727 /* Release */,
			);
			defaultConfigurationIsVisible = 0;
			defaultConfigurationName = Release;
		};
		634210601E0348F100B99727 /* Build configuration list for PBXNativeTarget "SmashtagTests" */ = {
			isa = XCConfigurationList;
			buildConfigurations = (
				634210611E0348F100B99727 /* Debug */,
				634210621E0348F100B99727 /* Release */,
			);
			defaultConfigurationIsVisible = 0;
			defaultConfigurationName = Release;
		};
		634210631E0348F100B99727 /* Build configuration list for PBXNativeTarget "SmashtagUITests" */ = {
			isa = XCConfigurationList;
			buildConfigurations = (
				634210641E0348F100B99727 /* Debug */,
				634210651E0348F100B99727 /* Release */,
			);
			defaultConfigurationIsVisible = 0;
			defaultConfigurationName = Release;
		};
/* End XCConfigurationList section */
	};
	rootObject = 6342102D1E0348F100B99727 /* Project object */;
}
